// !$*UTF8*$!
{
	archiveVersion = 1;
	classes = {
	};
	objectVersion = 55;
	objects = {

/* Begin PBXBuildFile section */
		8694997028A9FBBA00319923 /* AppDelegate.swift in Sources */ = {isa = PBXBuildFile; fileRef = 8694996F28A9FBBA00319923 /* AppDelegate.swift */; };
		8694997228A9FBBA00319923 /* SceneDelegate.swift in Sources */ = {isa = PBXBuildFile; fileRef = 8694997128A9FBBA00319923 /* SceneDelegate.swift */; };
		8694997428A9FBBA00319923 /* ViewController.swift in Sources */ = {isa = PBXBuildFile; fileRef = 8694997328A9FBBA00319923 /* ViewController.swift */; };
		8694997A28A9FBBA00319923 /* cocktailGame.xcdatamodeld in Sources */ = {isa = PBXBuildFile; fileRef = 8694997828A9FBBA00319923 /* cocktailGame.xcdatamodeld */; };
		8694997C28A9FBBD00319923 /* Assets.xcassets in Resources */ = {isa = PBXBuildFile; fileRef = 8694997B28A9FBBD00319923 /* Assets.xcassets */; };
		8694997F28A9FBBD00319923 /* LaunchScreen.storyboard in Resources */ = {isa = PBXBuildFile; fileRef = 8694997D28A9FBBD00319923 /* LaunchScreen.storyboard */; };
		8694998828A9FD7000319923 /* AssemblyModuleBuilder.swift in Sources */ = {isa = PBXBuildFile; fileRef = 8694998728A9FD7000319923 /* AssemblyModuleBuilder.swift */; };
		8694998A28A9FD8200319923 /* Router.swift in Sources */ = {isa = PBXBuildFile; fileRef = 8694998928A9FD8200319923 /* Router.swift */; };
		8694998C28AA006A00319923 /* MainViewController.swift in Sources */ = {isa = PBXBuildFile; fileRef = 8694998B28AA006A00319923 /* MainViewController.swift */; };
		8694999328AA02D600319923 /* MainPresenter.swift in Sources */ = {isa = PBXBuildFile; fileRef = 8694999228AA02D600319923 /* MainPresenter.swift */; };
/* End PBXBuildFile section */

/* Begin PBXFileReference section */
		8694996C28A9FBBA00319923 /* cocktailGame.app */ = {isa = PBXFileReference; explicitFileType = wrapper.application; includeInIndex = 0; path = cocktailGame.app; sourceTree = BUILT_PRODUCTS_DIR; };
		8694996F28A9FBBA00319923 /* AppDelegate.swift */ = {isa = PBXFileReference; lastKnownFileType = sourcecode.swift; path = AppDelegate.swift; sourceTree = "<group>"; };
		8694997128A9FBBA00319923 /* SceneDelegate.swift */ = {isa = PBXFileReference; lastKnownFileType = sourcecode.swift; path = SceneDelegate.swift; sourceTree = "<group>"; };
		8694997328A9FBBA00319923 /* ViewController.swift */ = {isa = PBXFileReference; lastKnownFileType = sourcecode.swift; path = ViewController.swift; sourceTree = "<group>"; };
		8694997928A9FBBA00319923 /* cocktailGame.xcdatamodel */ = {isa = PBXFileReference; lastKnownFileType = wrapper.xcdatamodel; path = cocktailGame.xcdatamodel; sourceTree = "<group>"; };
		8694997B28A9FBBD00319923 /* Assets.xcassets */ = {isa = PBXFileReference; lastKnownFileType = folder.assetcatalog; path = Assets.xcassets; sourceTree = "<group>"; };
		8694997E28A9FBBD00319923 /* Base */ = {isa = PBXFileReference; lastKnownFileType = file.storyboard; name = Base; path = Base.lproj/LaunchScreen.storyboard; sourceTree = "<group>"; };
		8694998028A9FBBD00319923 /* Info.plist */ = {isa = PBXFileReference; lastKnownFileType = text.plist.xml; path = Info.plist; sourceTree = "<group>"; };
		8694998728A9FD7000319923 /* AssemblyModuleBuilder.swift */ = {isa = PBXFileReference; lastKnownFileType = sourcecode.swift; path = AssemblyModuleBuilder.swift; sourceTree = "<group>"; };
		8694998928A9FD8200319923 /* Router.swift */ = {isa = PBXFileReference; lastKnownFileType = sourcecode.swift; path = Router.swift; sourceTree = "<group>"; };
		8694998B28AA006A00319923 /* MainViewController.swift */ = {isa = PBXFileReference; lastKnownFileType = sourcecode.swift; path = MainViewController.swift; sourceTree = "<group>"; };
		8694999228AA02D600319923 /* MainPresenter.swift */ = {isa = PBXFileReference; lastKnownFileType = sourcecode.swift; path = MainPresenter.swift; sourceTree = "<group>"; };
/* End PBXFileReference section */

/* Begin PBXFrameworksBuildPhase section */
		8694996928A9FBBA00319923 /* Frameworks */ = {
			isa = PBXFrameworksBuildPhase;
			buildActionMask = 2147483647;
			files = (
			);
			runOnlyForDeploymentPostprocessing = 0;
		};
/* End PBXFrameworksBuildPhase section */

/* Begin PBXGroup section */
		8694996328A9FBBA00319923 = {
			isa = PBXGroup;
			children = (
				8694996E28A9FBBA00319923 /* cocktailGame */,
				8694996D28A9FBBA00319923 /* Products */,
			);
			sourceTree = "<group>";
		};
		8694996D28A9FBBA00319923 /* Products */ = {
			isa = PBXGroup;
			children = (
				8694996C28A9FBBA00319923 /* cocktailGame.app */,
			);
			name = Products;
			sourceTree = "<group>";
		};
		8694996E28A9FBBA00319923 /* cocktailGame */ = {
			isa = PBXGroup;
			children = (
				8694996F28A9FBBA00319923 /* AppDelegate.swift */,
				8694997128A9FBBA00319923 /* SceneDelegate.swift */,
				8694998728A9FD7000319923 /* AssemblyModuleBuilder.swift */,
				8694998928A9FD8200319923 /* Router.swift */,
				8694998D28AA007D00319923 /* MainModule */,
				8694998E28AA008E00319923 /* GameModule */,
				8694997B28A9FBBD00319923 /* Assets.xcassets */,
				8694997D28A9FBBD00319923 /* LaunchScreen.storyboard */,
				8694998028A9FBBD00319923 /* Info.plist */,
				8694997828A9FBBA00319923 /* cocktailGame.xcdatamodeld */,
			);
			path = cocktailGame;
			sourceTree = "<group>";
		};
		8694998D28AA007D00319923 /* MainModule */ = {
			isa = PBXGroup;
			children = (
				8694998F28AA00B600319923 /* View */,
				8694999128AA02BD00319923 /* Presenter */,
			);
			path = MainModule;
			sourceTree = "<group>";
		};
		8694998E28AA008E00319923 /* GameModule */ = {
			isa = PBXGroup;
			children = (
				8694999028AA00BD00319923 /* View */,
			);
			path = GameModule;
			sourceTree = "<group>";
		};
		8694998F28AA00B600319923 /* View */ = {
			isa = PBXGroup;
			children = (
				8694998B28AA006A00319923 /* MainViewController.swift */,
			);
			path = View;
			sourceTree = "<group>";
		};
		8694999028AA00BD00319923 /* View */ = {
			isa = PBXGroup;
			children = (
				8694997328A9FBBA00319923 /* ViewController.swift */,
			);
			path = View;
			sourceTree = "<group>";
		};
		8694999128AA02BD00319923 /* Presenter */ = {
			isa = PBXGroup;
			children = (
				8694999228AA02D600319923 /* MainPresenter.swift */,
			);
			path = Presenter;
			sourceTree = "<group>";
		};
/* End PBXGroup section */

/* Begin PBXNativeTarget section */
		8694996B28A9FBBA00319923 /* cocktailGame */ = {
			isa = PBXNativeTarget;
			buildConfigurationList = 8694998328A9FBBD00319923 /* Build configuration list for PBXNativeTarget "cocktailGame" */;
			buildPhases = (
				8694996828A9FBBA00319923 /* Sources */,
				8694996928A9FBBA00319923 /* Frameworks */,
				8694996A28A9FBBA00319923 /* Resources */,
			);
			buildRules = (
			);
			dependencies = (
			);
			name = cocktailGame;
			productName = cocktailGame;
			productReference = 8694996C28A9FBBA00319923 /* cocktailGame.app */;
			productType = "com.apple.product-type.application";
		};
/* End PBXNativeTarget section */

/* Begin PBXProject section */
		8694996428A9FBBA00319923 /* Project object */ = {
			isa = PBXProject;
			attributes = {
				BuildIndependentTargetsInParallel = 1;
				LastSwiftUpdateCheck = 1340;
				LastUpgradeCheck = 1340;
				TargetAttributes = {
					8694996B28A9FBBA00319923 = {
						CreatedOnToolsVersion = 13.4.1;
					};
				};
			};
			buildConfigurationList = 8694996728A9FBBA00319923 /* Build configuration list for PBXProject "cocktailGame" */;
			compatibilityVersion = "Xcode 13.0";
			developmentRegion = en;
			hasScannedForEncodings = 0;
			knownRegions = (
				en,
				Base,
			);
			mainGroup = 8694996328A9FBBA00319923;
			productRefGroup = 8694996D28A9FBBA00319923 /* Products */;
			projectDirPath = "";
			projectRoot = "";
			targets = (
				8694996B28A9FBBA00319923 /* cocktailGame */,
			);
		};
/* End PBXProject section */

/* Begin PBXResourcesBuildPhase section */
		8694996A28A9FBBA00319923 /* Resources */ = {
			isa = PBXResourcesBuildPhase;
			buildActionMask = 2147483647;
			files = (
				8694997F28A9FBBD00319923 /* LaunchScreen.storyboard in Resources */,
				8694997C28A9FBBD00319923 /* Assets.xcassets in Resources */,
			);
			runOnlyForDeploymentPostprocessing = 0;
		};
/* End PBXResourcesBuildPhase section */

/* Begin PBXSourcesBuildPhase section */
		8694996828A9FBBA00319923 /* Sources */ = {
			isa = PBXSourcesBuildPhase;
			buildActionMask = 2147483647;
			files = (
				8694997428A9FBBA00319923 /* ViewController.swift in Sources */,
				8694998828A9FD7000319923 /* AssemblyModuleBuilder.swift in Sources */,
				8694997A28A9FBBA00319923 /* cocktailGame.xcdatamodeld in Sources */,
				8694999328AA02D600319923 /* MainPresenter.swift in Sources */,
				8694997028A9FBBA00319923 /* AppDelegate.swift in Sources */,
				8694998A28A9FD8200319923 /* Router.swift in Sources */,
				8694997228A9FBBA00319923 /* SceneDelegate.swift in Sources */,
				8694998C28AA006A00319923 /* MainViewController.swift in Sources */,
			);
			runOnlyForDeploymentPostprocessing = 0;
		};
/* End PBXSourcesBuildPhase section */

/* Begin PBXVariantGroup section */
		8694997D28A9FBBD00319923 /* LaunchScreen.storyboard */ = {
			isa = PBXVariantGroup;
			children = (
				8694997E28A9FBBD00319923 /* Base */,
			);
			name = LaunchScreen.storyboard;
			sourceTree = "<group>";
		};
/* End PBXVariantGroup section */

/* Begin XCBuildConfiguration section */
		8694998128A9FBBD00319923 /* Debug */ = {
			isa = XCBuildConfiguration;
			buildSettings = {
				ALWAYS_SEARCH_USER_PATHS = NO;
				CLANG_ANALYZER_NONNULL = YES;
				CLANG_ANALYZER_NUMBER_OBJECT_CONVERSION = YES_AGGRESSIVE;
				CLANG_CXX_LANGUAGE_STANDARD = "gnu++17";
				CLANG_ENABLE_MODULES = YES;
				CLANG_ENABLE_OBJC_ARC = YES;
				CLANG_ENABLE_OBJC_WEAK = YES;
				CLANG_WARN_BLOCK_CAPTURE_AUTORELEASING = YES;
				CLANG_WARN_BOOL_CONVERSION = YES;
				CLANG_WARN_COMMA = YES;
				CLANG_WARN_CONSTANT_CONVERSION = YES;
				CLANG_WARN_DEPRECATED_OBJC_IMPLEMENTATIONS = YES;
				CLANG_WARN_DIRECT_OBJC_ISA_USAGE = YES_ERROR;
				CLANG_WARN_DOCUMENTATION_COMMENTS = YES;
				CLANG_WARN_EMPTY_BODY = YES;
				CLANG_WARN_ENUM_CONVERSION = YES;
				CLANG_WARN_INFINITE_RECURSION = YES;
				CLANG_WARN_INT_CONVERSION = YES;
				CLANG_WARN_NON_LITERAL_NULL_CONVERSION = YES;
				CLANG_WARN_OBJC_IMPLICIT_RETAIN_SELF = YES;
				CLANG_WARN_OBJC_LITERAL_CONVERSION = YES;
				CLANG_WARN_OBJC_ROOT_CLASS = YES_ERROR;
				CLANG_WARN_QUOTED_INCLUDE_IN_FRAMEWORK_HEADER = YES;
				CLANG_WARN_RANGE_LOOP_ANALYSIS = YES;
				CLANG_WARN_STRICT_PROTOTYPES = YES;
				CLANG_WARN_SUSPICIOUS_MOVE = YES;
				CLANG_WARN_UNGUARDED_AVAILABILITY = YES_AGGRESSIVE;
				CLANG_WARN_UNREACHABLE_CODE = YES;
				CLANG_WARN__DUPLICATE_METHOD_MATCH = YES;
				COPY_PHASE_STRIP = NO;
				DEBUG_INFORMATION_FORMAT = dwarf;
				ENABLE_STRICT_OBJC_MSGSEND = YES;
				ENABLE_TESTABILITY = YES;
				GCC_C_LANGUAGE_STANDARD = gnu11;
				GCC_DYNAMIC_NO_PIC = NO;
				GCC_NO_COMMON_BLOCKS = YES;
				GCC_OPTIMIZATION_LEVEL = 0;
				GCC_PREPROCESSOR_DEFINITIONS = (
					"DEBUG=1",
					"$(inherited)",
				);
				GCC_WARN_64_TO_32_BIT_CONVERSION = YES;
				GCC_WARN_ABOUT_RETURN_TYPE = YES_ERROR;
				GCC_WARN_UNDECLARED_SELECTOR = YES;
				GCC_WARN_UNINITIALIZED_AUTOS = YES_AGGRESSIVE;
				GCC_WARN_UNUSED_FUNCTION = YES;
				GCC_WARN_UNUSED_VARIABLE = YES;
				IPHONEOS_DEPLOYMENT_TARGET = 15.5;
				MTL_ENABLE_DEBUG_INFO = INCLUDE_SOURCE;
				MTL_FAST_MATH = YES;
				ONLY_ACTIVE_ARCH = YES;
				SDKROOT = iphoneos;
				SWIFT_ACTIVE_COMPILATION_CONDITIONS = DEBUG;
				SWIFT_OPTIMIZATION_LEVEL = "-Onone";
			};
			name = Debug;
		};
		8694998228A9FBBD00319923 /* Release */ = {
			isa = XCBuildConfiguration;
			buildSettings = {
				ALWAYS_SEARCH_USER_PATHS = NO;
				CLANG_ANALYZER_NONNULL = YES;
				CLANG_ANALYZER_NUMBER_OBJECT_CONVERSION = YES_AGGRESSIVE;
				CLANG_CXX_LANGUAGE_STANDARD = "gnu++17";
				CLANG_ENABLE_MODULES = YES;
				CLANG_ENABLE_OBJC_ARC = YES;
				CLANG_ENABLE_OBJC_WEAK = YES;
				CLANG_WARN_BLOCK_CAPTURE_AUTORELEASING = YES;
				CLANG_WARN_BOOL_CONVERSION = YES;
				CLANG_WARN_COMMA = YES;
				CLANG_WARN_CONSTANT_CONVERSION = YES;
				CLANG_WARN_DEPRECATED_OBJC_IMPLEMENTATIONS = YES;
				CLANG_WARN_DIRECT_OBJC_ISA_USAGE = YES_ERROR;
				CLANG_WARN_DOCUMENTATION_COMMENTS = YES;
				CLANG_WARN_EMPTY_BODY = YES;
				CLANG_WARN_ENUM_CONVERSION = YES;
				CLANG_WARN_INFINITE_RECURSION = YES;
				CLANG_WARN_INT_CONVERSION = YES;
				CLANG_WARN_NON_LITERAL_NULL_CONVERSION = YES;
				CLANG_WARN_OBJC_IMPLICIT_RETAIN_SELF = YES;
				CLANG_WARN_OBJC_LITERAL_CONVERSION = YES;
				CLANG_WARN_OBJC_ROOT_CLASS = YES_ERROR;
				CLANG_WARN_QUOTED_INCLUDE_IN_FRAMEWORK_HEADER = YES;
				CLANG_WARN_RANGE_LOOP_ANALYSIS = YES;
				CLANG_WARN_STRICT_PROTOTYPES = YES;
				CLANG_WARN_SUSPICIOUS_MOVE = YES;
				CLANG_WARN_UNGUARDED_AVAILABILITY = YES_AGGRESSIVE;
				CLANG_WARN_UNREACHABLE_CODE = YES;
				CLANG_WARN__DUPLICATE_METHOD_MATCH = YES;
				COPY_PHASE_STRIP = NO;
				DEBUG_INFORMATION_FORMAT = "dwarf-with-dsym";
				ENABLE_NS_ASSERTIONS = NO;
				ENABLE_STRICT_OBJC_MSGSEND = YES;
				GCC_C_LANGUAGE_STANDARD = gnu11;
				GCC_NO_COMMON_BLOCKS = YES;
				GCC_WARN_64_TO_32_BIT_CONVERSION = YES;
				GCC_WARN_ABOUT_RETURN_TYPE = YES_ERROR;
				GCC_WARN_UNDECLARED_SELECTOR = YES;
				GCC_WARN_UNINITIALIZED_AUTOS = YES_AGGRESSIVE;
				GCC_WARN_UNUSED_FUNCTION = YES;
				GCC_WARN_UNUSED_VARIABLE = YES;
				IPHONEOS_DEPLOYMENT_TARGET = 15.5;
				MTL_ENABLE_DEBUG_INFO = NO;
				MTL_FAST_MATH = YES;
				SDKROOT = iphoneos;
				SWIFT_COMPILATION_MODE = wholemodule;
				SWIFT_OPTIMIZATION_LEVEL = "-O";
				VALIDATE_PRODUCT = YES;
			};
			name = Release;
		};
		8694998428A9FBBD00319923 /* Debug */ = {
			isa = XCBuildConfiguration;
			buildSettings = {
				ASSETCATALOG_COMPILER_APPICON_NAME = AppIcon;
				ASSETCATALOG_COMPILER_GLOBAL_ACCENT_COLOR_NAME = AccentColor;
				CODE_SIGN_STYLE = Automatic;
				CURRENT_PROJECT_VERSION = 1;
				DEVELOPMENT_TEAM = 4WQFD456R9;
				GENERATE_INFOPLIST_FILE = YES;
				INFOPLIST_FILE = cocktailGame/Info.plist;
				INFOPLIST_KEY_UIApplicationSupportsIndirectInputEvents = YES;
				INFOPLIST_KEY_UILaunchStoryboardName = LaunchScreen;
				INFOPLIST_KEY_UISupportedInterfaceOrientations = UIInterfaceOrientationPortrait;
				INFOPLIST_KEY_UISupportedInterfaceOrientations_iPad = "UIInterfaceOrientationPortrait UIInterfaceOrientationPortraitUpsideDown UIInterfaceOrientationLandscapeLeft UIInterfaceOrientationLandscapeRight";
				INFOPLIST_KEY_UISupportedInterfaceOrientations_iPhone = "UIInterfaceOrientationPortrait UIInterfaceOrientationLandscapeLeft UIInterfaceOrientationLandscapeRight";
				LD_RUNPATH_SEARCH_PATHS = (
					"$(inherited)",
					"@executable_path/Frameworks",
				);
				MARKETING_VERSION = 1.0;
				PRODUCT_BUNDLE_IDENTIFIER = IliaByHimself.cocktailGame;
				PRODUCT_NAME = "$(TARGET_NAME)";
				SWIFT_EMIT_LOC_STRINGS = YES;
				SWIFT_VERSION = 5.0;
				TARGETED_DEVICE_FAMILY = 1;
			};
			name = Debug;
		};
		8694998528A9FBBD00319923 /* Release */ = {
			isa = XCBuildConfiguration;
			buildSettings = {
				ASSETCATALOG_COMPILER_APPICON_NAME = AppIcon;
				ASSETCATALOG_COMPILER_GLOBAL_ACCENT_COLOR_NAME = AccentColor;
				CODE_SIGN_STYLE = Automatic;
				CURRENT_PROJECT_VERSION = 1;
				DEVELOPMENT_TEAM = 4WQFD456R9;
				GENERATE_INFOPLIST_FILE = YES;
				INFOPLIST_FILE = cocktailGame/Info.plist;
				INFOPLIST_KEY_UIApplicationSupportsIndirectInputEvents = YES;
				INFOPLIST_KEY_UILaunchStoryboardName = LaunchScreen;
				INFOPLIST_KEY_UISupportedInterfaceOrientations = UIInterfaceOrientationPortrait;
				INFOPLIST_KEY_UISupportedInterfaceOrientations_iPad = "UIInterfaceOrientationPortrait UIInterfaceOrientationPortraitUpsideDown UIInterfaceOrientationLandscapeLeft UIInterfaceOrientationLandscapeRight";
				INFOPLIST_KEY_UISupportedInterfaceOrientations_iPhone = "UIInterfaceOrientationPortrait UIInterfaceOrientationLandscapeLeft UIInterfaceOrientationLandscapeRight";
				LD_RUNPATH_SEARCH_PATHS = (
					"$(inherited)",
					"@executable_path/Frameworks",
				);
				MARKETING_VERSION = 1.0;
				PRODUCT_BUNDLE_IDENTIFIER = IliaByHimself.cocktailGame;
				PRODUCT_NAME = "$(TARGET_NAME)";
				SWIFT_EMIT_LOC_STRINGS = YES;
				SWIFT_VERSION = 5.0;
				TARGETED_DEVICE_FAMILY = 1;
			};
			name = Release;
		};
/* End XCBuildConfiguration section */

/* Begin XCConfigurationList section */
		8694996728A9FBBA00319923 /* Build configuration list for PBXProject "cocktailGame" */ = {
			isa = XCConfigurationList;
			buildConfigurations = (
				8694998128A9FBBD00319923 /* Debug */,
				8694998228A9FBBD00319923 /* Release */,
			);
			defaultConfigurationIsVisible = 0;
			defaultConfigurationName = Release;
		};
		8694998328A9FBBD00319923 /* Build configuration list for PBXNativeTarget "cocktailGame" */ = {
			isa = XCConfigurationList;
			buildConfigurations = (
				8694998428A9FBBD00319923 /* Debug */,
				8694998528A9FBBD00319923 /* Release */,
			);
			defaultConfigurationIsVisible = 0;
			defaultConfigurationName = Release;
		};
/* End XCConfigurationList section */

/* Begin XCVersionGroup section */
		8694997828A9FBBA00319923 /* cocktailGame.xcdatamodeld */ = {
			isa = XCVersionGroup;
			children = (
				8694997928A9FBBA00319923 /* cocktailGame.xcdatamodel */,
			);
			currentVersion = 8694997928A9FBBA00319923 /* cocktailGame.xcdatamodel */;
			path = cocktailGame.xcdatamodeld;
			sourceTree = "<group>";
			versionGroupType = wrapper.xcdatamodel;
		};
/* End XCVersionGroup section */
	};
	rootObject = 8694996428A9FBBA00319923 /* Project object */;
}
